PODS:
  - Socket.IO-Client-Swift (16.0.1):
    - Starscream (~> 4.0)
  - Starscream (4.0.4)
  - SwiftyJSON (4.3.0)

DEPENDENCIES:
  - Socket.IO-Client-Swift (~> 16.0.1)
  - SwiftyJSON (~> 4.0)

SPEC REPOS:
  trunk:
    - Socket.IO-Client-Swift
    - Starscream
    - SwiftyJSON

SPEC CHECKSUMS:
  Socket.IO-Client-Swift: c116d6dc9fd6be9c259bacfe143f8725bce7d79e
  Starscream: 5178aed56b316f13fa3bc55694e583d35dd414d9
  SwiftyJSON: 6faa0040f8b59dead0ee07436cbf76b73c08fd08

PODFILE CHECKSUM: 969ae5925ade0d7af15188f2781b78d1adcb9632

COCOAPODS: 1.11.3
