PODS:
  - Alamofire (5.6.4)
  - PromiseKit (6.18.1):
    - PromiseKit/CorePromise (= 6.18.1)
    - PromiseKit/Foundation (= 6.18.1)
    - PromiseKit/UIKit (= 6.18.1)
  - PromiseKit/CorePromise (6.18.1)
  - PromiseKit/Foundation (6.18.1):
    - PromiseKit/CorePromise
  - PromiseKit/UIKit (6.18.1):
    - PromiseKit/CorePromise
  - Socket.IO-Client-Swift (16.0.1):
    - Starscream (~> 4.0)
  - Starscream (4.0.4)
  - SwiftyJSON (4.3.0)
  - WalletConnectSwiftV2 (1.0.5):
    - WalletConnectSwiftV2/WalletConnect (= 1.0.5)
  - WalletConnectSwiftV2/Commons (1.0.5)
  - WalletConnectSwiftV2/JSONRPC (1.0.5):
    - WalletConnectSwiftV2/Commons
  - WalletConnectSwiftV2/WalletConnect (1.0.5):
    - WalletConnectSwiftV2/WalletConnectPairing
  - WalletConnectSwiftV2/WalletConnectKMS (1.0.5):
    - WalletConnectSwiftV2/WalletConnectUtils
  - WalletConnectSwiftV2/WalletConnectNetworking (1.0.5):
    - WalletConnectSwiftV2/WalletConnectRelay
  - WalletConnectSwiftV2/WalletConnectPairing (1.0.5):
    - WalletConnectSwiftV2/WalletConnectNetworking
  - WalletConnectSwiftV2/WalletConnectRelay (1.0.5):
    - WalletConnectSwiftV2/WalletConnectKMS
  - WalletConnectSwiftV2/WalletConnectUtils (1.0.5):
    - WalletConnectSwiftV2/JSONRPC

DEPENDENCIES:
  - Alamofire
  - PromiseKit
  - Socket.IO-Client-Swift (~> 16.0.1)
  - SwiftyJSON (~> 4.0)
  - WalletConnectSwiftV2 (from `https://github.com/WalletConnect/WalletConnectSwiftV2.git`, tag `1.0.5`)

SPEC REPOS:
  trunk:
    - Alamofire
    - PromiseKit
    - Socket.IO-Client-Swift
    - Starscream
    - SwiftyJSON

EXTERNAL SOURCES:
  WalletConnectSwiftV2:
    :git: https://github.com/WalletConnect/WalletConnectSwiftV2.git
    :tag: 1.0.5

CHECKOUT OPTIONS:
  WalletConnectSwiftV2:
    :git: https://github.com/WalletConnect/WalletConnectSwiftV2.git
    :tag: 1.0.5

SPEC CHECKSUMS:
  Alamofire: 4e95d97098eacb88856099c4fc79b526a299e48c
  PromiseKit: 49d70c53d5d20e346beaea4b276b5dd2ab446bb4
  Socket.IO-Client-Swift: c116d6dc9fd6be9c259bacfe143f8725bce7d79e
  Starscream: 5178aed56b316f13fa3bc55694e583d35dd414d9
  SwiftyJSON: 6faa0040f8b59dead0ee07436cbf76b73c08fd08
  WalletConnectSwiftV2: e05838f7d04eb69197a23b37768365d8595bab32

PODFILE CHECKSUM: 558b8031952b5d31ef8da9f6befbeb32ef9f5094

COCOAPODS: 1.11.3
